<?xml version="1.0" encoding="UTF-8" standalone="yes" ?>
<CodeBlocks_project_file>
	<FileVersion major="1" minor="6" />
	<Project>
		<Option title="engine" />
		<Option pch_mode="2" />
		<Option compiler="gcc" />
		<Build>
			<Target title="x86">
				<Option output="$(DIR_SFE)/bin32/$(PLATFORM)/sfengine" prefix_auto="1" extension_auto="1" />
				<Option object_output="$(TARGET_OUTPUT_DIR)/build/$(PROJECT_NAME)" />
				<Option type="3" />
				<Option compiler="gcc" />
				<Compiler>
					<Add option="-m32" />
				</Compiler>
			</Target>
			<Target title="x64">
				<Option output="$(DIR_SFE)/bin64/$(PLATFORM)/sfengine" prefix_auto="1" extension_auto="1" />
				<Option object_output="$(TARGET_OUTPUT_DIR)/build/$(PROJECT_NAME)" />
				<Option type="3" />
				<Option compiler="gcc" />
				<Compiler>
					<Add option="-m64" />
				</Compiler>
			</Target>
		</Build>
		<Compiler>
			<Add option="-Os" />
			<Add option="-O3" />
			<Add option="-fexceptions" />
			<Add option="-std=gnu++11" />
			<Add option="-Wno-invalid-offsetof" />
			<Add directory="../external/glm" />
			<Add directory="../external/boost" />
			<Add directory="../external/irrklang/include" />
			<Add directory="../external/raknet/Source" />
			<Add directory="../external/png" />
			<Add directory="../external/zlib" />
			<Add directory="../external/glew/include" />
			<Add directory="../external/glfw/include" />
			<Add directory="../external/bullet/src" />
		</Compiler>
		<Linker>
			<Add library="png" />
			<Add library="z" />
			<Add library="bullet" />
			<Add library="raknet" />
			<Add library="boost" />
			<Add library="glew" />
			<Add directory="$(TARGET_OUTPUT_DIR)" />
		</Linker>
		<Unit filename="Archive.hpp" />
		<Unit filename="Audio.cpp" />
		<Unit filename="Audio.hpp" />
		<Unit filename="AudioListener.cpp" />
		<Unit filename="AudioListener.hpp" />
		<Unit filename="AudioSource.cpp" />
		<Unit filename="AudioSource.hpp" />
		<Unit filename="BitField.hpp" />
		<Unit filename="BoxCollider.cpp" />
		<Unit filename="BoxCollider.hpp" />
		<Unit filename="Camera.cpp" />
		<Unit filename="Camera.hpp" />
		<Unit filename="Collider.cpp" />
		<Unit filename="Collider.hpp" />
		<Unit filename="Component.cpp" />
		<Unit filename="Component.hpp" />
		<Unit filename="Console.cpp" />
		<Unit filename="Console.hpp" />
		<Unit filename="Engine.cpp" />
		<Unit filename="Engine.hpp" />
		<Unit filename="Entity.cpp" />
		<Unit filename="Entity.hpp" />
		<Unit filename="FileManager.cpp" />
		<Unit filename="FileManager.hpp" />
		<Unit filename="HingeJoint.hpp" />
		<Unit filename="Input.cpp" />
		<Unit filename="Input.hpp" />
		<Unit filename="Joint.cpp" />
		<Unit filename="Joint.hpp" />
		<Unit filename="Light.cpp" />
		<Unit filename="Light.hpp" />
		<Unit filename="Magnet.hpp" />
		<Unit filename="Material.hpp" />
		<Unit filename="MathUtil.hpp" />
		<Unit filename="Mesh.cpp" />
		<Unit filename="Mesh.hpp" />
		<Unit filename="Network.cpp" />
		<Unit filename="Network.hpp" />
		<Unit filename="Object.cpp" />
		<Unit filename="Object.hpp" />
		<Unit filename="Operators.hpp" />
		<Unit filename="Particle.cpp" />
		<Unit filename="Particle.hpp" />
		<Unit filename="ParticleSystem.cpp" />
		<Unit filename="ParticleSystem.hpp" />
		<Unit filename="Physics.cpp" />
		<Unit filename="Physics.hpp" />
		<Unit filename="Property.hpp" />
		<Unit filename="Random.cpp" />
		<Unit filename="Random.hpp" />
		<Unit filename="Range.hpp" />
		<Unit filename="Rect.hpp" />
		<Unit filename="Renderer.cpp" />
		<Unit filename="Renderer.hpp" />
		<Unit filename="Rigidbody.cpp" />
		<Unit filename="Rigidbody.hpp" />
		<Unit filename="Scene.cpp" />
		<Unit filename="Scene.hpp" />
		<Unit filename="Settings.cpp" />
		<Unit filename="Settings.hpp" />
		<Unit filename="Shader.hpp" />
		<Unit filename="Spawner.cpp" />
		<Unit filename="Spawner.hpp" />
		<Unit filename="Sprite.cpp" />
		<Unit filename="Sprite.hpp" />
		<Unit filename="StringUtil.cpp" />
		<Unit filename="StringUtil.hpp" />
		<Unit filename="Subsystem.cpp" />
		<Unit filename="Subsystem.hpp" />
		<Unit filename="SystemInfo.cpp" />
		<Unit filename="SystemInfo.hpp" />
		<Unit filename="Texture.cpp" />
		<Unit filename="Texture.hpp" />
		<Unit filename="Thread.cpp" />
		<Unit filename="Thread.hpp" />
		<Unit filename="Time.cpp" />
		<Unit filename="Time.hpp" />
		<Unit filename="Transform.cpp" />
		<Unit filename="Transform.hpp" />
		<Unit filename="Type.hpp" />
		<Unit filename="Vertex.hpp" />
		<Unit filename="sfDynamicsWorld.cpp" />
		<Unit filename="sfDynamicsWorld.hpp" />
		<Unit filename="sfRigidBody.cpp" />
		<Unit filename="sfRigidBody.hpp" />
		<Unit filename="stdafx.hpp" />
		<Unit filename="tinyxml2.cpp" />
		<Unit filename="tinyxml2.hpp" />
		<Extensions>
			<code_completion />
			<debugger />
			<envvars />
			<DoxyBlocks>
				<comment_style block="0" line="0" />
				<doxyfile_project project_number="0.0.1" output_directory="docs/engine" />
				<doxyfile_build extract_all="1" />
				<doxyfile_warnings warn_no_param_doc="0" />
				<doxyfile_output />
				<doxyfile_dot class_diagrams="1" />
				<general use_at_in_tags="1" />
			</DoxyBlocks>
		</Extensions>
	</Project>
</CodeBlocks_project_file>
